# This file is automatically @generated by Poetry 2.1.2 and should not be changed by hand.

[[package]]
name = "art"
version = "6.5"
description = "ASCII Art Library For Python"
optional = false
python-versions = ">=3.6"
groups = ["main"]
files = [
    {file = "art-6.5-py3-none-any.whl", hash = "sha256:70706408144c45c666caab690627d5c74aea7b6c7ce8cc968408ddeef8d84afd"},
    {file = "art-6.5.tar.gz", hash = "sha256:a98d77b42c278697ec6cf4b5bdcdfd997f6b2425332da078d4e31e31377d1844"},
]

[package.extras]
dev = ["bandit (>=1.5.1)", "coverage (>=4.1)", "pydocstyle (>=3.0.0)", "vulture (>=1.0)"]

[[package]]
name = "tomli-w"
version = "1.2.0"
description = "A lil' TOML writer"
optional = false
python-versions = ">=3.9"
groups = ["main"]
files = [
    {file = "tomli_w-1.2.0-py3-none-any.whl", hash = "sha256:188306098d013b691fcadc011abd66727d3c414c571bb01b1a174ba8c983cf90"},
    {file = "tomli_w-1.2.0.tar.gz", hash = "sha256:2dd14fac5a47c27be9cd4c976af5a12d87fb1f0b4512f81d69cce3b35ae25021"},
]

[metadata]
lock-version = "2.1"
python-versions = ">=3.11"
content-hash = "b94e1d5fc756e65879058f924769f9a957ced25f43e1143995f7c10aa0c80ffb"
